
Microsoft Visual Studio Solution File, Format Version 12.00
# Visual Studio Version 17
VisualStudioVersion = 17.5.002.0
MinimumVisualStudioVersion = 10.0.40219.1
Project("{9A19103F-16F7-4668-BE54-9A1E7A4F7556}") = "CommunityToolkit.Maui.Sample", "CommunityToolkit.Maui.Sample.csproj", "{EAF7872C-C0EF-4FDC-AF96-EEA1D980ED8C}"
EndProject
Global
	GlobalSection(SolutionConfigurationPlatforms) = preSolution
		Debug|Any CPU = Debug|Any CPU
		Release|Any CPU = Release|Any CPU
	EndGlobalSection
	GlobalSection(ProjectConfigurationPlatforms) = postSolution
		{EAF7872C-C0EF-4FDC-AF96-EEA1D980ED8C}.Debug|Any CPU.ActiveCfg = Debug|Any CPU
		{EAF7872C-C0EF-4FDC-AF96-EEA1D980ED8C}.Debug|Any CPU.Build.0 = Debug|Any CPU
		{EAF7872C-C0EF-4FDC-AF96-EEA1D980ED8C}.Release|Any CPU.ActiveCfg = Release|Any CPU
		{EAF7872C-C0EF-4FDC-AF96-EEA1D980ED8C}.Release|Any CPU.Build.0 = Release|Any CPU
	EndGlobalSection
	GlobalSection(SolutionProperties) = preSolution
		HideSolutionNode = FALSE
	EndGlobalSection
	GlobalSection(ExtensibilityGlobals) = postSolution
		SolutionGuid = {64C01B62-2058-4E25-A6DF-C1F67CBEFAD2}
	EndGlobalSection
EndGlobal
