
Microsoft Visual Studio Solution File, Format Version 12.00
# Visual Studio Version 17
VisualStudioVersion = 17.5.002.0
MinimumVisualStudioVersion = 10.0.40219.1
Project("{9A19103F-16F7-4668-BE54-9A1E7A4F7556}") = "UITests.Shared", "UITests.Shared\UITests.Shared.csproj", "{649F8DCD-A378-482B-A357-8EA1EFD77F95}"
EndProject
Project("{9A19103F-16F7-4668-BE54-9A1E7A4F7556}") = "UITests.Windows", "UITests.Windows\UITests.Windows.csproj", "{1892E9ED-684C-4EA1-87CE-DC5FA7BF1C1B}"
EndProject
Project("{9A19103F-16F7-4668-BE54-9A1E7A4F7556}") = "UITests.macOS", "UITests.macOS\UITests.macOS.csproj", "{793CBDE4-1CF4-45A1-ABF3-A0BD46B74AE6}"
EndProject
Project("{9A19103F-16F7-4668-BE54-9A1E7A4F7556}") = "UITests.iOS", "UITests.iOS\UITests.iOS.csproj", "{610C8E5E-E3B9-428F-BCB1-41BF9A0B4177}"
EndProject
Project("{9A19103F-16F7-4668-BE54-9A1E7A4F7556}") = "UITests.Android", "UITests.Android\UITests.Android.csproj", "{9041C1CD-085A-4592-9A1E-494BBE0B7085}"
EndProject
Global
	GlobalSection(SolutionConfigurationPlatforms) = preSolution
		Debug|Any CPU = Debug|Any CPU
		Release|Any CPU = Release|Any CPU
	EndGlobalSection
	GlobalSection(ProjectConfigurationPlatforms) = postSolution
		{649F8DCD-A378-482B-A357-8EA1EFD77F95}.Debug|Any CPU.ActiveCfg = Debug|Any CPU
		{649F8DCD-A378-482B-A357-8EA1EFD77F95}.Debug|Any CPU.Build.0 = Debug|Any CPU
		{649F8DCD-A378-482B-A357-8EA1EFD77F95}.Release|Any CPU.ActiveCfg = Release|Any CPU
		{649F8DCD-A378-482B-A357-8EA1EFD77F95}.Release|Any CPU.Build.0 = Release|Any CPU
		{1892E9ED-684C-4EA1-87CE-DC5FA7BF1C1B}.Debug|Any CPU.ActiveCfg = Debug|Any CPU
		{1892E9ED-684C-4EA1-87CE-DC5FA7BF1C1B}.Debug|Any CPU.Build.0 = Debug|Any CPU
		{1892E9ED-684C-4EA1-87CE-DC5FA7BF1C1B}.Release|Any CPU.ActiveCfg = Release|Any CPU
		{1892E9ED-684C-4EA1-87CE-DC5FA7BF1C1B}.Release|Any CPU.Build.0 = Release|Any CPU
		{793CBDE4-1CF4-45A1-ABF3-A0BD46B74AE6}.Debug|Any CPU.ActiveCfg = Debug|Any CPU
		{793CBDE4-1CF4-45A1-ABF3-A0BD46B74AE6}.Debug|Any CPU.Build.0 = Debug|Any CPU
		{793CBDE4-1CF4-45A1-ABF3-A0BD46B74AE6}.Release|Any CPU.ActiveCfg = Release|Any CPU
		{793CBDE4-1CF4-45A1-ABF3-A0BD46B74AE6}.Release|Any CPU.Build.0 = Release|Any CPU
		{610C8E5E-E3B9-428F-BCB1-41BF9A0B4177}.Debug|Any CPU.ActiveCfg = Debug|Any CPU
		{610C8E5E-E3B9-428F-BCB1-41BF9A0B4177}.Debug|Any CPU.Build.0 = Debug|Any CPU
		{610C8E5E-E3B9-428F-BCB1-41BF9A0B4177}.Release|Any CPU.ActiveCfg = Release|Any CPU
		{610C8E5E-E3B9-428F-BCB1-41BF9A0B4177}.Release|Any CPU.Build.0 = Release|Any CPU
		{9041C1CD-085A-4592-9A1E-494BBE0B7085}.Debug|Any CPU.ActiveCfg = Debug|Any CPU
		{9041C1CD-085A-4592-9A1E-494BBE0B7085}.Debug|Any CPU.Build.0 = Debug|Any CPU
		{9041C1CD-085A-4592-9A1E-494BBE0B7085}.Release|Any CPU.ActiveCfg = Release|Any CPU
		{9041C1CD-085A-4592-9A1E-494BBE0B7085}.Release|Any CPU.Build.0 = Release|Any CPU
	EndGlobalSection
	GlobalSection(SolutionProperties) = preSolution
		HideSolutionNode = FALSE
	EndGlobalSection
	GlobalSection(ExtensibilityGlobals) = postSolution
		SolutionGuid = {4C21E64B-4F46-4F59-9F03-DBAC1C82A2EC}
	EndGlobalSection
EndGlobal
