
Microsoft Visual Studio Solution File, Format Version 12.00
# Visual Studio Version 17
VisualStudioVersion = 17.5.002.0
MinimumVisualStudioVersion = 10.0.40219.1
Project("{9A19103F-16F7-4668-BE54-9A1E7A4F7556}") = "UITests.Shared", "UITests.Shared\UITests.Shared.csproj", "{FDD892D3-7B32-41FA-835E-BB5EC80938C8}"
EndProject
Project("{9A19103F-16F7-4668-BE54-9A1E7A4F7556}") = "UITests.Windows", "UITests.Windows\UITests.Windows.csproj", "{B67386CA-D071-4A6A-8CE2-02B63308F60F}"
EndProject
Project("{9A19103F-16F7-4668-BE54-9A1E7A4F7556}") = "UITests.macOS", "UITests.macOS\UITests.macOS.csproj", "{98679301-1B03-4908-9F9D-916907E7AC42}"
EndProject
Project("{9A19103F-16F7-4668-BE54-9A1E7A4F7556}") = "UITests.iOS", "UITests.iOS\UITests.iOS.csproj", "{97AA12E8-1792-460E-8173-1DF786C7ED3B}"
EndProject
Project("{9A19103F-16F7-4668-BE54-9A1E7A4F7556}") = "UITests.Android", "UITests.Android\UITests.Android.csproj", "{AEA5AC38-0268-4F85-BEEB-55580F86F381}"
EndProject
Global
	GlobalSection(SolutionConfigurationPlatforms) = preSolution
		Debug|Any CPU = Debug|Any CPU
		Release|Any CPU = Release|Any CPU
	EndGlobalSection
	GlobalSection(ProjectConfigurationPlatforms) = postSolution
		{FDD892D3-7B32-41FA-835E-BB5EC80938C8}.Debug|Any CPU.ActiveCfg = Debug|Any CPU
		{FDD892D3-7B32-41FA-835E-BB5EC80938C8}.Debug|Any CPU.Build.0 = Debug|Any CPU
		{FDD892D3-7B32-41FA-835E-BB5EC80938C8}.Release|Any CPU.ActiveCfg = Release|Any CPU
		{FDD892D3-7B32-41FA-835E-BB5EC80938C8}.Release|Any CPU.Build.0 = Release|Any CPU
		{B67386CA-D071-4A6A-8CE2-02B63308F60F}.Debug|Any CPU.ActiveCfg = Debug|Any CPU
		{B67386CA-D071-4A6A-8CE2-02B63308F60F}.Debug|Any CPU.Build.0 = Debug|Any CPU
		{B67386CA-D071-4A6A-8CE2-02B63308F60F}.Release|Any CPU.ActiveCfg = Release|Any CPU
		{B67386CA-D071-4A6A-8CE2-02B63308F60F}.Release|Any CPU.Build.0 = Release|Any CPU
		{98679301-1B03-4908-9F9D-916907E7AC42}.Debug|Any CPU.ActiveCfg = Debug|Any CPU
		{98679301-1B03-4908-9F9D-916907E7AC42}.Debug|Any CPU.Build.0 = Debug|Any CPU
		{98679301-1B03-4908-9F9D-916907E7AC42}.Release|Any CPU.ActiveCfg = Release|Any CPU
		{98679301-1B03-4908-9F9D-916907E7AC42}.Release|Any CPU.Build.0 = Release|Any CPU
		{97AA12E8-1792-460E-8173-1DF786C7ED3B}.Debug|Any CPU.ActiveCfg = Debug|Any CPU
		{97AA12E8-1792-460E-8173-1DF786C7ED3B}.Debug|Any CPU.Build.0 = Debug|Any CPU
		{97AA12E8-1792-460E-8173-1DF786C7ED3B}.Release|Any CPU.ActiveCfg = Release|Any CPU
		{97AA12E8-1792-460E-8173-1DF786C7ED3B}.Release|Any CPU.Build.0 = Release|Any CPU
		{AEA5AC38-0268-4F85-BEEB-55580F86F381}.Debug|Any CPU.ActiveCfg = Debug|Any CPU
		{AEA5AC38-0268-4F85-BEEB-55580F86F381}.Debug|Any CPU.Build.0 = Debug|Any CPU
		{AEA5AC38-0268-4F85-BEEB-55580F86F381}.Release|Any CPU.ActiveCfg = Release|Any CPU
		{AEA5AC38-0268-4F85-BEEB-55580F86F381}.Release|Any CPU.Build.0 = Release|Any CPU
	EndGlobalSection
	GlobalSection(SolutionProperties) = preSolution
		HideSolutionNode = FALSE
	EndGlobalSection
	GlobalSection(ExtensibilityGlobals) = postSolution
		SolutionGuid = {4C21E64B-4F46-4F59-9F03-DBAC1C82A2EC}
	EndGlobalSection
EndGlobal
